<?xml version="1.0" encoding="utf-8"?>
<Project ToolsVersion="4.0" xmlns="http://schemas.microsoft.com/developer/msbuild/2003">
  <ItemGroup>
    <Filter Include="Source Files">
      <UniqueIdentifier>{4FC737F1-C7A5-4376-A066-2A32D752A2FF}</UniqueIdentifier>
      <Extensions>cpp;c;cc;cxx;def;odl;idl;hpj;bat;asm;asmx</Extensions>
    </Filter>
    <Filter Include="Header Files">
      <UniqueIdentifier>{93995380-89BD-4b04-88EB-625FBE52EBFB}</UniqueIdentifier>
      <Extensions>h;hpp;hxx;hm;inl;inc;xsd</Extensions>
    </Filter>
    <Filter Include="Resource Files">
      <UniqueIdentifier>{67DA6AB6-F800-4c08-8B7A-83BB121AAD01}</UniqueIdentifier>
      <Extensions>rc;ico;cur;bmp;dlg;rc2;rct;bin;rgs;gif;jpg;jpeg;jpe;resx;tiff;tif;png;wav;mfcribbon-ms</Extensions>
    </Filter>
  </ItemGroup>
  <ItemGroup>
    <ClCompile Include="source\app.cpp">
      <Filter>Source Files</Filter>
    </ClCompile>
    <ClCompile Include="source\main_window.cpp">
      <Filter>Source Files</Filter>
    </ClCompile>
    <ClCompile Include="source\directx.cpp">
      <Filter>Source Files</Filter>
    </ClCompile>
    <ClCompile Include="source\arena.cpp">
      <Filter>Source Files</Filter>
    </ClCompile>
    <ClCompile Include="source\hash.cpp">
      <Filter>Source Files</Filter>
    </ClCompile>
    <ClCompile Include="source\mappable.cpp">
      <Filter>Source Files</Filter>
    </ClCompile>
    <ClCompile Include="source\fs.cpp">
      <Filter>Source Files</Filter>
    </ClCompile>
    <ClCompile Include="source\fs_archive.cpp">
      <Filter>Source Files</Filter>
    </ClCompile>
    <ClCompile Include="source\fs_mod.cpp">
      <Filter>Source Files</Filter>
    </ClCompile>
    <ClCompile Include="source\chunky.cpp">
      <Filter>Source Files</Filter>
    </ClCompile>
    <ClCompile Include="source\texture_loader.cpp">
      <Filter>Source Files</Filter>
    </ClCompile>
    <ClCompile Include="source\shader_db.cpp">
      <Filter>Source Files</Filter>
    </ClCompile>
    <ClCompile Include="source\model.cpp">
      <Filter>Source Files</Filter>
    </ClCompile>
    <ClCompile Include="source\essence_panel.cpp">
      <Filter>Source Files</Filter>
    </ClCompile>
    <ClCompile Include="source\file_tree.cpp">
      <Filter>Source Files</Filter>
    </ClCompile>
    <ClCompile Include="source\presized_arena.cpp">
      <Filter>Source Files</Filter>
    </ClCompile>
  </ItemGroup>
  <ItemGroup>
    <ClInclude Include="source\wx.h">
      <Filter>Header Files</Filter>
    </ClInclude>
    <ClInclude Include="source\main_window.h">
      <Filter>Header Files</Filter>
    </ClInclude>
    <ClInclude Include="source\directx.h">
      <Filter>Header Files</Filter>
    </ClInclude>
    <ClInclude Include="source\arena.h">
      <Filter>Header Files</Filter>
    </ClInclude>
    <ClInclude Include="source\hash.h">
      <Filter>Header Files</Filter>
    </ClInclude>
    <ClInclude Include="source\mappable.h">
      <Filter>Header Files</Filter>
    </ClInclude>
    <ClInclude Include="source\fs.h">
      <Filter>Header Files</Filter>
    </ClInclude>
    <ClInclude Include="source\fs_archive_structs.h">
      <Filter>Header Files</Filter>
    </ClInclude>
    <ClInclude Include="source\chunky.h">
      <Filter>Header Files</Filter>
    </ClInclude>
    <ClInclude Include="source\texture_loader.h">
      <Filter>Header Files</Filter>
    </ClInclude>
    <ClInclude Include="source\shader_db.h">
      <Filter>Header Files</Filter>
    </ClInclude>
    <ClInclude Include="source\model.h">
      <Filter>Header Files</Filter>
    </ClInclude>
    <ClInclude Include="source\essence_panel.h">
      <Filter>Header Files</Filter>
    </ClInclude>
    <ClInclude Include="source\file_tree.h">
      <Filter>Header Files</Filter>
    </ClInclude>
    <ClInclude Include="source\math.h">
      <Filter>Header Files</Filter>
    </ClInclude>
    <ClInclude Include="source\arena_var_tem.h">
      <Filter>Header Files</Filter>
    </ClInclude>
    <ClInclude Include="source\presized_arena.h">
      <Filter>Header Files</Filter>
    </ClInclude>
  </ItemGroup>
</Project>