<?xml version="1.0" encoding="utf-8"?>
<Project ToolsVersion="4.0" xmlns="http://schemas.microsoft.com/developer/msbuild/2003">
  <ItemGroup>
    <Filter Include="Source Files">
      <UniqueIdentifier>{4FC737F1-C7A5-4376-A066-2A32D752A2FF}</UniqueIdentifier>
      <Extensions>cpp;c;cc;cxx;def;odl;idl;hpj;bat;asm;asmx</Extensions>
    </Filter>
    <Filter Include="Header Files">
      <UniqueIdentifier>{93995380-89BD-4b04-88EB-625FBE52EBFB}</UniqueIdentifier>
      <Extensions>h;hpp;hxx;hm;inl;inc;xsd</Extensions>
    </Filter>
    <Filter Include="Resource Files">
      <UniqueIdentifier>{67DA6AB6-F800-4c08-8B7A-83BB121AAD01}</UniqueIdentifier>
      <Extensions>rc;ico;cur;bmp;dlg;rc2;rct;bin;rgs;gif;jpg;jpeg;jpe;resx;tiff;tif;png;wav;mfcribbon-ms</Extensions>
    </Filter>
    <Filter Include="Header Files\c6ui">
      <UniqueIdentifier>{09b60302-3e44-43fd-9006-491b5cbc4e32}</UniqueIdentifier>
    </Filter>
    <Filter Include="Source Files\c6ui">
      <UniqueIdentifier>{dd7f56c5-b1d3-4c49-a606-ec68b4bedf82}</UniqueIdentifier>
    </Filter>
    <Filter Include="Header Files\essence">
      <UniqueIdentifier>{3bcf6ad1-c40e-4e20-94b4-02a28576d7b9}</UniqueIdentifier>
    </Filter>
    <Filter Include="Source Files\essence">
      <UniqueIdentifier>{eb9c584d-8ba2-4a16-a3c0-3049bec2fc3c}</UniqueIdentifier>
    </Filter>
    <Filter Include="Header Files\util">
      <UniqueIdentifier>{462b6549-42cf-42ed-b7bf-6b66fbc0ed03}</UniqueIdentifier>
    </Filter>
    <Filter Include="Source Files\util">
      <UniqueIdentifier>{d7b4de92-56d5-41d2-a104-205c3b849576}</UniqueIdentifier>
    </Filter>
    <Filter Include="Header Files\ui">
      <UniqueIdentifier>{706f0362-d2a3-4c5b-a64c-0e26e7eb927c}</UniqueIdentifier>
    </Filter>
    <Filter Include="Source Files\ui">
      <UniqueIdentifier>{9a85b667-2bb6-4453-a289-c46a93bca681}</UniqueIdentifier>
    </Filter>
    <Filter Include="Source Files\lua">
      <UniqueIdentifier>{99a23a54-87a1-4a21-8edd-ce420ff79caa}</UniqueIdentifier>
    </Filter>
    <Filter Include="Header Files\lua">
      <UniqueIdentifier>{687671e8-c2e4-4f61-9538-af37aef28bb7}</UniqueIdentifier>
    </Filter>
  </ItemGroup>
  <ItemGroup>
    <ClCompile Include="source\c6ui\dc.cpp">
      <Filter>Source Files\c6ui</Filter>
    </ClCompile>
    <ClCompile Include="source\c6ui\frame.cpp">
      <Filter>Source Files\c6ui</Filter>
    </ClCompile>
    <ClCompile Include="source\c6ui\mouse.cpp">
      <Filter>Source Files\c6ui</Filter>
    </ClCompile>
    <ClCompile Include="source\c6ui\scrolling_container.cpp">
      <Filter>Source Files\c6ui</Filter>
    </ClCompile>
    <ClCompile Include="source\c6ui\tab_control.cpp">
      <Filter>Source Files\c6ui</Filter>
    </ClCompile>
    <ClCompile Include="source\c6ui\tree_control.cpp">
      <Filter>Source Files\c6ui</Filter>
    </ClCompile>
    <ClCompile Include="source\c6ui\window.cpp">
      <Filter>Source Files\c6ui</Filter>
    </ClCompile>
    <ClCompile Include="source\c6ui\app_thunk.cpp">
      <Filter>Source Files\c6ui</Filter>
    </ClCompile>
    <ClCompile Include="source\c6ui\column_layout.cpp">
      <Filter>Source Files\c6ui</Filter>
    </ClCompile>
    <ClCompile Include="source\chunky.cpp">
      <Filter>Source Files\essence</Filter>
    </ClCompile>
    <ClCompile Include="source\fs.cpp">
      <Filter>Source Files\essence</Filter>
    </ClCompile>
    <ClCompile Include="source\fs_archive.cpp">
      <Filter>Source Files\essence</Filter>
    </ClCompile>
    <ClCompile Include="source\fs_mod.cpp">
      <Filter>Source Files\essence</Filter>
    </ClCompile>
    <ClCompile Include="source\hash.cpp">
      <Filter>Source Files\essence</Filter>
    </ClCompile>
    <ClCompile Include="source\model.cpp">
      <Filter>Source Files\essence</Filter>
    </ClCompile>
    <ClCompile Include="source\shader_db.cpp">
      <Filter>Source Files\essence</Filter>
    </ClCompile>
    <ClCompile Include="source\texture_loader.cpp">
      <Filter>Source Files\essence</Filter>
    </ClCompile>
    <ClCompile Include="source\arena.cpp">
      <Filter>Source Files\util</Filter>
    </ClCompile>
    <ClCompile Include="source\mappable.cpp">
      <Filter>Source Files\util</Filter>
    </ClCompile>
    <ClCompile Include="source\presized_arena.cpp">
      <Filter>Source Files\util</Filter>
    </ClCompile>
    <ClCompile Include="source\win32.cpp">
      <Filter>Source Files\util</Filter>
    </ClCompile>
    <ClCompile Include="source\app.cpp">
      <Filter>Source Files\ui</Filter>
    </ClCompile>
    <ClCompile Include="source\essence_panel.cpp">
      <Filter>Source Files\ui</Filter>
    </ClCompile>
    <ClCompile Include="source\file_tree.cpp">
      <Filter>Source Files\ui</Filter>
    </ClCompile>
    <ClCompile Include="source\main_window.cpp">
      <Filter>Source Files\ui</Filter>
    </ClCompile>
    <ClCompile Include="source\texture_panel.cpp">
      <Filter>Source Files\ui</Filter>
    </ClCompile>
    <ClCompile Include="source\png.cpp">
      <Filter>Source Files\util</Filter>
    </ClCompile>
    <ClCompile Include="source\c6ui\properties.cpp">
      <Filter>Source Files\c6ui</Filter>
    </ClCompile>
    <ClCompile Include="source\lighting_properties.cpp">
      <Filter>Source Files\ui</Filter>
    </ClCompile>
    <ClCompile Include="source\object_tree.cpp">
      <Filter>Source Files\ui</Filter>
    </ClCompile>
    <ClCompile Include="source\stdafx.cpp">
      <Filter>Source Files</Filter>
    </ClCompile>
    <ClCompile Include="tools\common\lua-5.2.2\src\lapi.c">
      <Filter>Source Files\lua</Filter>
    </ClCompile>
    <ClCompile Include="tools\common\lua-5.2.2\src\lauxlib.c">
      <Filter>Source Files\lua</Filter>
    </ClCompile>
    <ClCompile Include="tools\common\lua-5.2.2\src\lcode.c">
      <Filter>Source Files\lua</Filter>
    </ClCompile>
    <ClCompile Include="tools\common\lua-5.2.2\src\lctype.c">
      <Filter>Source Files\lua</Filter>
    </ClCompile>
    <ClCompile Include="tools\common\lua-5.2.2\src\ldebug.c">
      <Filter>Source Files\lua</Filter>
    </ClCompile>
    <ClCompile Include="tools\common\lua-5.2.2\src\ldo.c">
      <Filter>Source Files\lua</Filter>
    </ClCompile>
    <ClCompile Include="tools\common\lua-5.2.2\src\lfunc.c">
      <Filter>Source Files\lua</Filter>
    </ClCompile>
    <ClCompile Include="tools\common\lua-5.2.2\src\lgc.c">
      <Filter>Source Files\lua</Filter>
    </ClCompile>
    <ClCompile Include="tools\common\lua-5.2.2\src\llex.c">
      <Filter>Source Files\lua</Filter>
    </ClCompile>
    <ClCompile Include="tools\common\lua-5.2.2\src\lmem.c">
      <Filter>Source Files\lua</Filter>
    </ClCompile>
    <ClCompile Include="tools\common\lua-5.2.2\src\lobject.c">
      <Filter>Source Files\lua</Filter>
    </ClCompile>
    <ClCompile Include="tools\common\lua-5.2.2\src\lopcodes.c">
      <Filter>Source Files\lua</Filter>
    </ClCompile>
    <ClCompile Include="tools\common\lua-5.2.2\src\lparser.c">
      <Filter>Source Files\lua</Filter>
    </ClCompile>
    <ClCompile Include="tools\common\lua-5.2.2\src\lstate.c">
      <Filter>Source Files\lua</Filter>
    </ClCompile>
    <ClCompile Include="tools\common\lua-5.2.2\src\lstring.c">
      <Filter>Source Files\lua</Filter>
    </ClCompile>
    <ClCompile Include="tools\common\lua-5.2.2\src\lstrlib.c">
      <Filter>Source Files\lua</Filter>
    </ClCompile>
    <ClCompile Include="tools\common\lua-5.2.2\src\ltable.c">
      <Filter>Source Files\lua</Filter>
    </ClCompile>
    <ClCompile Include="tools\common\lua-5.2.2\src\ltm.c">
      <Filter>Source Files\lua</Filter>
    </ClCompile>
    <ClCompile Include="tools\common\lua-5.2.2\src\lvm.c">
      <Filter>Source Files\lua</Filter>
    </ClCompile>
    <ClCompile Include="tools\common\lua-5.2.2\src\lzio.c">
      <Filter>Source Files\lua</Filter>
    </ClCompile>
    <ClCompile Include="source\abp_loader.cpp">
      <Filter>Source Files\essence</Filter>
    </ClCompile>
  </ItemGroup>
  <ItemGroup>
    <ClInclude Include="source\c6ui\dc.h">
      <Filter>Header Files\c6ui</Filter>
    </ClInclude>
    <ClInclude Include="source\c6ui\frame.h">
      <Filter>Header Files\c6ui</Filter>
    </ClInclude>
    <ClInclude Include="source\c6ui\mouse.h">
      <Filter>Header Files\c6ui</Filter>
    </ClInclude>
    <ClInclude Include="source\c6ui\scrolling_container.h">
      <Filter>Header Files\c6ui</Filter>
    </ClInclude>
    <ClInclude Include="source\c6ui\tab_control.h">
      <Filter>Header Files\c6ui</Filter>
    </ClInclude>
    <ClInclude Include="source\c6ui\tree_control.h">
      <Filter>Header Files\c6ui</Filter>
    </ClInclude>
    <ClInclude Include="source\c6ui\window.h">
      <Filter>Header Files\c6ui</Filter>
    </ClInclude>
    <ClInclude Include="source\c6ui\app.h">
      <Filter>Header Files\c6ui</Filter>
    </ClInclude>
    <ClInclude Include="source\c6ui\column_layout.h">
      <Filter>Header Files\c6ui</Filter>
    </ClInclude>
    <ClInclude Include="source\chunky.h">
      <Filter>Header Files\essence</Filter>
    </ClInclude>
    <ClInclude Include="source\fs.h">
      <Filter>Header Files\essence</Filter>
    </ClInclude>
    <ClInclude Include="source\fs_archive_structs.h">
      <Filter>Header Files\essence</Filter>
    </ClInclude>
    <ClInclude Include="source\hash.h">
      <Filter>Header Files\essence</Filter>
    </ClInclude>
    <ClInclude Include="source\model.h">
      <Filter>Header Files\essence</Filter>
    </ClInclude>
    <ClInclude Include="source\shader_db.h">
      <Filter>Header Files\essence</Filter>
    </ClInclude>
    <ClInclude Include="source\texture_loader.h">
      <Filter>Header Files\essence</Filter>
    </ClInclude>
    <ClInclude Include="source\arena.h">
      <Filter>Header Files\util</Filter>
    </ClInclude>
    <ClInclude Include="source\arena_var_tem.h">
      <Filter>Header Files\util</Filter>
    </ClInclude>
    <ClInclude Include="source\containers.h">
      <Filter>Header Files\util</Filter>
    </ClInclude>
    <ClInclude Include="source\directx.h">
      <Filter>Header Files\util</Filter>
    </ClInclude>
    <ClInclude Include="source\mappable.h">
      <Filter>Header Files\util</Filter>
    </ClInclude>
    <ClInclude Include="source\math.h">
      <Filter>Header Files\util</Filter>
    </ClInclude>
    <ClInclude Include="source\presized_arena.h">
      <Filter>Header Files\util</Filter>
    </ClInclude>
    <ClInclude Include="source\win32.h">
      <Filter>Header Files\util</Filter>
    </ClInclude>
    <ClInclude Include="source\essence_panel.h">
      <Filter>Header Files\ui</Filter>
    </ClInclude>
    <ClInclude Include="source\file_tree.h">
      <Filter>Header Files\ui</Filter>
    </ClInclude>
    <ClInclude Include="source\main_window.h">
      <Filter>Header Files\ui</Filter>
    </ClInclude>
    <ClInclude Include="resource.h">
      <Filter>Header Files</Filter>
    </ClInclude>
    <ClInclude Include="source\texture_panel.h">
      <Filter>Header Files\ui</Filter>
    </ClInclude>
    <ClInclude Include="source\png.h">
      <Filter>Header Files\util</Filter>
    </ClInclude>
    <ClInclude Include="source\c6ui\properties.h">
      <Filter>Header Files\c6ui</Filter>
    </ClInclude>
    <ClInclude Include="source\lighting_properties.h">
      <Filter>Header Files\ui</Filter>
    </ClInclude>
    <ClInclude Include="source\object_tree.h">
      <Filter>Header Files\ui</Filter>
    </ClInclude>
    <ClInclude Include="source\stdafx.h">
      <Filter>Header Files</Filter>
    </ClInclude>
    <ClInclude Include="source\c6ui\stdafx.h">
      <Filter>Header Files\c6ui</Filter>
    </ClInclude>
    <ClInclude Include="tools\common\lua-5.2.2\src\lapi.h">
      <Filter>Header Files\lua</Filter>
    </ClInclude>
    <ClInclude Include="tools\common\lua-5.2.2\src\lauxlib.h">
      <Filter>Header Files\lua</Filter>
    </ClInclude>
    <ClInclude Include="tools\common\lua-5.2.2\src\lcode.h">
      <Filter>Header Files\lua</Filter>
    </ClInclude>
    <ClInclude Include="tools\common\lua-5.2.2\src\lctype.h">
      <Filter>Header Files\lua</Filter>
    </ClInclude>
    <ClInclude Include="tools\common\lua-5.2.2\src\ldebug.h">
      <Filter>Header Files\lua</Filter>
    </ClInclude>
    <ClInclude Include="tools\common\lua-5.2.2\src\ldo.h">
      <Filter>Header Files\lua</Filter>
    </ClInclude>
    <ClInclude Include="tools\common\lua-5.2.2\src\lfunc.h">
      <Filter>Header Files\lua</Filter>
    </ClInclude>
    <ClInclude Include="tools\common\lua-5.2.2\src\lgc.h">
      <Filter>Header Files\lua</Filter>
    </ClInclude>
    <ClInclude Include="tools\common\lua-5.2.2\src\llex.h">
      <Filter>Header Files\lua</Filter>
    </ClInclude>
    <ClInclude Include="tools\common\lua-5.2.2\src\llimits.h">
      <Filter>Header Files\lua</Filter>
    </ClInclude>
    <ClInclude Include="tools\common\lua-5.2.2\src\lmem.h">
      <Filter>Header Files\lua</Filter>
    </ClInclude>
    <ClInclude Include="tools\common\lua-5.2.2\src\lobject.h">
      <Filter>Header Files\lua</Filter>
    </ClInclude>
    <ClInclude Include="tools\common\lua-5.2.2\src\lopcodes.h">
      <Filter>Header Files\lua</Filter>
    </ClInclude>
    <ClInclude Include="tools\common\lua-5.2.2\src\lparser.h">
      <Filter>Header Files\lua</Filter>
    </ClInclude>
    <ClInclude Include="tools\common\lua-5.2.2\src\lstate.h">
      <Filter>Header Files\lua</Filter>
    </ClInclude>
    <ClInclude Include="tools\common\lua-5.2.2\src\lstring.h">
      <Filter>Header Files\lua</Filter>
    </ClInclude>
    <ClInclude Include="tools\common\lua-5.2.2\src\ltable.h">
      <Filter>Header Files\lua</Filter>
    </ClInclude>
    <ClInclude Include="tools\common\lua-5.2.2\src\ltm.h">
      <Filter>Header Files\lua</Filter>
    </ClInclude>
    <ClInclude Include="tools\common\lua-5.2.2\src\lua.h">
      <Filter>Header Files\lua</Filter>
    </ClInclude>
    <ClInclude Include="tools\common\lua-5.2.2\src\lua.hpp">
      <Filter>Header Files\lua</Filter>
    </ClInclude>
    <ClInclude Include="tools\common\lua-5.2.2\src\luaconf.h">
      <Filter>Header Files\lua</Filter>
    </ClInclude>
    <ClInclude Include="tools\common\lua-5.2.2\src\lualib.h">
      <Filter>Header Files\lua</Filter>
    </ClInclude>
    <ClInclude Include="tools\common\lua-5.2.2\src\lundump.h">
      <Filter>Header Files\lua</Filter>
    </ClInclude>
    <ClInclude Include="tools\common\lua-5.2.2\src\lvm.h">
      <Filter>Header Files\lua</Filter>
    </ClInclude>
    <ClInclude Include="tools\common\lua-5.2.2\src\lzio.h">
      <Filter>Header Files\lua</Filter>
    </ClInclude>
    <ClInclude Include="source\abp_loader.h">
      <Filter>Header Files\essence</Filter>
    </ClInclude>
  </ItemGroup>
  <ItemGroup>
    <None Include="resources\noise.rgt">
      <Filter>Resource Files</Filter>
    </None>
    <None Include="resources\sprites.rgt">
      <Filter>Resource Files</Filter>
    </None>
    <None Include="resources\rectangle_gs.bin">
      <Filter>Resource Files</Filter>
    </None>
    <None Include="resources\rectangle_ps.bin">
      <Filter>Resource Files</Filter>
    </None>
    <None Include="resources\rectangle_vs.bin">
      <Filter>Resource Files</Filter>
    </None>
    <None Include="resources\sprite_gs.bin">
      <Filter>Resource Files</Filter>
    </None>
    <None Include="resources\sprite_ps.bin">
      <Filter>Resource Files</Filter>
    </None>
    <None Include="resources\texture_vs.bin">
      <Filter>Resource Files</Filter>
    </None>
    <None Include="resources\abp_loader.lua">
      <Filter>Resource Files</Filter>
    </None>
  </ItemGroup>
  <ItemGroup>
    <ResourceCompile Include="c6ui.rc">
      <Filter>Resource Files</Filter>
    </ResourceCompile>
  </ItemGroup>
</Project>